// !$*UTF8*$!
{
	archiveVersion = 1;
	classes = {
	};
	objectVersion = 46;
	objects = {

/* Begin PBXBuildFile section */
		624981D71DDB2C9A0055CE13 /* ChatVC.swift in Sources */ = {isa = PBXBuildFile; fileRef = 624981D61DDB2C9A0055CE13 /* ChatVC.swift */; };
		624981D91DDB2F270055CE13 /* TeacherCell.swift in Sources */ = {isa = PBXBuildFile; fileRef = 624981D81DDB2F270055CE13 /* TeacherCell.swift */; };
		624981DB1DDB2F340055CE13 /* StudentCell.swift in Sources */ = {isa = PBXBuildFile; fileRef = 624981DA1DDB2F340055CE13 /* StudentCell.swift */; };
		6262971A1DC9407C00714931 /* AppDelegate.swift in Sources */ = {isa = PBXBuildFile; fileRef = 626297191DC9407C00714931 /* AppDelegate.swift */; };
		6262971C1DC9407C00714931 /* ViewController.swift in Sources */ = {isa = PBXBuildFile; fileRef = 6262971B1DC9407C00714931 /* ViewController.swift */; };
		6262971F1DC9407C00714931 /* Main.storyboard in Resources */ = {isa = PBXBuildFile; fileRef = 6262971D1DC9407C00714931 /* Main.storyboard */; };
		626297211DC9407C00714931 /* Assets.xcassets in Resources */ = {isa = PBXBuildFile; fileRef = 626297201DC9407C00714931 /* Assets.xcassets */; };
		626297241DC9407C00714931 /* LaunchScreen.storyboard in Resources */ = {isa = PBXBuildFile; fileRef = 626297221DC9407C00714931 /* LaunchScreen.storyboard */; };
/* End PBXBuildFile section */

/* Begin PBXFileReference section */
		624981D61DDB2C9A0055CE13 /* ChatVC.swift */ = {isa = PBXFileReference; fileEncoding = 4; lastKnownFileType = sourcecode.swift; path = ChatVC.swift; sourceTree = "<group>"; };
		624981D81DDB2F270055CE13 /* TeacherCell.swift */ = {isa = PBXFileReference; fileEncoding = 4; lastKnownFileType = sourcecode.swift; path = TeacherCell.swift; sourceTree = "<group>"; };
		624981DA1DDB2F340055CE13 /* StudentCell.swift */ = {isa = PBXFileReference; fileEncoding = 4; lastKnownFileType = sourcecode.swift; path = StudentCell.swift; sourceTree = "<group>"; };
		626297161DC9407C00714931 /* IHC.app */ = {isa = PBXFileReference; explicitFileType = wrapper.application; includeInIndex = 0; path = IHC.app; sourceTree = BUILT_PRODUCTS_DIR; };
		626297191DC9407C00714931 /* AppDelegate.swift */ = {isa = PBXFileReference; lastKnownFileType = sourcecode.swift; path = AppDelegate.swift; sourceTree = "<group>"; };
		6262971B1DC9407C00714931 /* ViewController.swift */ = {isa = PBXFileReference; lastKnownFileType = sourcecode.swift; path = ViewController.swift; sourceTree = "<group>"; };
		6262971E1DC9407C00714931 /* Base */ = {isa = PBXFileReference; lastKnownFileType = file.storyboard; name = Base; path = Base.lproj/Main.storyboard; sourceTree = "<group>"; };
		626297201DC9407C00714931 /* Assets.xcassets */ = {isa = PBXFileReference; lastKnownFileType = folder.assetcatalog; path = Assets.xcassets; sourceTree = "<group>"; };
		626297231DC9407C00714931 /* Base */ = {isa = PBXFileReference; lastKnownFileType = file.storyboard; name = Base; path = Base.lproj/LaunchScreen.storyboard; sourceTree = "<group>"; };
		626297251DC9407C00714931 /* Info.plist */ = {isa = PBXFileReference; lastKnownFileType = text.plist.xml; path = Info.plist; sourceTree = "<group>"; };
/* End PBXFileReference section */

/* Begin PBXFrameworksBuildPhase section */
		626297131DC9407B00714931 /* Frameworks */ = {
			isa = PBXFrameworksBuildPhase;
			buildActionMask = 2147483647;
			files = (
			);
			runOnlyForDeploymentPostprocessing = 0;
		};
/* End PBXFrameworksBuildPhase section */

/* Begin PBXGroup section */
		6262970D1DC9407B00714931 = {
			isa = PBXGroup;
			children = (
				626297181DC9407C00714931 /* IHC */,
				626297171DC9407C00714931 /* Products */,
			);
			sourceTree = "<group>";
		};
		626297171DC9407C00714931 /* Products */ = {
			isa = PBXGroup;
			children = (
				626297161DC9407C00714931 /* IHC.app */,
			);
			name = Products;
			sourceTree = "<group>";
		};
		626297181DC9407C00714931 /* IHC */ = {
			isa = PBXGroup;
			children = (
				626297191DC9407C00714931 /* AppDelegate.swift */,
				6262971B1DC9407C00714931 /* ViewController.swift */,
				6262971D1DC9407C00714931 /* Main.storyboard */,
				626297201DC9407C00714931 /* Assets.xcassets */,
				626297221DC9407C00714931 /* LaunchScreen.storyboard */,
				626297251DC9407C00714931 /* Info.plist */,
				624981D61DDB2C9A0055CE13 /* ChatVC.swift */,
				624981D81DDB2F270055CE13 /* TeacherCell.swift */,
				624981DA1DDB2F340055CE13 /* StudentCell.swift */,
			);
			path = IHC;
			sourceTree = "<group>";
		};
/* End PBXGroup section */

/* Begin PBXNativeTarget section */
		626297151DC9407B00714931 /* IHC */ = {
			isa = PBXNativeTarget;
			buildConfigurationList = 626297281DC9407C00714931 /* Build configuration list for PBXNativeTarget "IHC" */;
			buildPhases = (
				626297121DC9407B00714931 /* Sources */,
				626297131DC9407B00714931 /* Frameworks */,
				626297141DC9407B00714931 /* Resources */,
			);
			buildRules = (
			);
			dependencies = (
			);
			name = IHC;
			productName = IHC;
			productReference = 626297161DC9407C00714931 /* IHC.app */;
			productType = "com.apple.product-type.application";
		};
/* End PBXNativeTarget section */

/* Begin PBXProject section */
		6262970E1DC9407B00714931 /* Project object */ = {
			isa = PBXProject;
			attributes = {
				LastSwiftUpdateCheck = 0800;
				LastUpgradeCheck = 0800;
				ORGANIZATIONNAME = Gondek;
				TargetAttributes = {
					626297151DC9407B00714931 = {
						CreatedOnToolsVersion = 8.0;
						DevelopmentTeam = 7YCYVAN8PU;
						ProvisioningStyle = Automatic;
					};
				};
			};
			buildConfigurationList = 626297111DC9407B00714931 /* Build configuration list for PBXProject "IHC" */;
			compatibilityVersion = "Xcode 3.2";
			developmentRegion = English;
			hasScannedForEncodings = 0;
			knownRegions = (
				en,
				Base,
			);
			mainGroup = 6262970D1DC9407B00714931;
			productRefGroup = 626297171DC9407C00714931 /* Products */;
			projectDirPath = "";
			projectRoot = "";
			targets = (
				626297151DC9407B00714931 /* IHC */,
			);
		};
/* End PBXProject section */

/* Begin PBXResourcesBuildPhase section */
		626297141DC9407B00714931 /* Resources */ = {
			isa = PBXResourcesBuildPhase;
			buildActionMask = 2147483647;
			files = (
				626297241DC9407C00714931 /* LaunchScreen.storyboard in Resources */,
				626297211DC9407C00714931 /* Assets.xcassets in Resources */,
				6262971F1DC9407C00714931 /* Main.storyboard in Resources */,
			);
			runOnlyForDeploymentPostprocessing = 0;
		};
/* End PBXResourcesBuildPhase section */

/* Begin PBXSourcesBuildPhase section */
		626297121DC9407B00714931 /* Sources */ = {
			isa = PBXSourcesBuildPhase;
			buildActionMask = 2147483647;
			files = (
				624981DB1DDB2F340055CE13 /* StudentCell.swift in Sources */,
				624981D91DDB2F270055CE13 /* TeacherCell.swift in Sources */,
				624981D71DDB2C9A0055CE13 /* ChatVC.swift in Sources */,
				6262971C1DC9407C00714931 /* ViewController.swift in Sources */,
				6262971A1DC9407C00714931 /* AppDelegate.swift in Sources */,
			);
			runOnlyForDeploymentPostprocessing = 0;
		};
/* End PBXSourcesBuildPhase section */

/* Begin PBXVariantGroup section */
		6262971D1DC9407C00714931 /* Main.storyboard */ = {
			isa = PBXVariantGroup;
			children = (
				6262971E1DC9407C00714931 /* Base */,
			);
			name = Main.storyboard;
			sourceTree = "<group>";
		};
		626297221DC9407C00714931 /* LaunchScreen.storyboard */ = {
			isa = PBXVariantGroup;
			children = (
				626297231DC9407C00714931 /* Base */,
			);
			name = LaunchScreen.storyboard;
			sourceTree = "<group>";
		};
/* End PBXVariantGroup section */

/* Begin XCBuildConfiguration section */
		626297261DC9407C00714931 /* Debug */ = {
			isa = XCBuildConfiguration;
			buildSettings = {
				ALWAYS_SEARCH_USER_PATHS = NO;
				CLANG_ANALYZER_NONNULL = YES;
				CLANG_CXX_LANGUAGE_STANDARD = "gnu++0x";
				CLANG_CXX_LIBRARY = "libc++";
				CLANG_ENABLE_MODULES = YES;
				CLANG_ENABLE_OBJC_ARC = YES;
				CLANG_WARN_BOOL_CONVERSION = YES;
				CLANG_WARN_CONSTANT_CONVERSION = YES;
				CLANG_WARN_DIRECT_OBJC_ISA_USAGE = YES_ERROR;
				CLANG_WARN_DOCUMENTATION_COMMENTS = YES;
				CLANG_WARN_EMPTY_BODY = YES;
				CLANG_WARN_ENUM_CONVERSION = YES;
				CLANG_WARN_INFINITE_RECURSION = YES;
				CLANG_WARN_INT_CONVERSION = YES;
				CLANG_WARN_OBJC_ROOT_CLASS = YES_ERROR;
				CLANG_WARN_SUSPICIOUS_MOVES = YES;
				CLANG_WARN_UNREACHABLE_CODE = YES;
				CLANG_WARN__DUPLICATE_METHOD_MATCH = YES;
				"CODE_SIGN_IDENTITY[sdk=iphoneos*]" = "iPhone Developer";
				COPY_PHASE_STRIP = NO;
				DEBUG_INFORMATION_FORMAT = dwarf;
				ENABLE_STRICT_OBJC_MSGSEND = YES;
				ENABLE_TESTABILITY = YES;
				GCC_C_LANGUAGE_STANDARD = gnu99;
				GCC_DYNAMIC_NO_PIC = NO;
				GCC_NO_COMMON_BLOCKS = YES;
				GCC_OPTIMIZATION_LEVEL = 0;
				GCC_PREPROCESSOR_DEFINITIONS = (
					"DEBUG=1",
					"$(inherited)",
				);
				GCC_WARN_64_TO_32_BIT_CONVERSION = YES;
				GCC_WARN_ABOUT_RETURN_TYPE = YES_ERROR;
				GCC_WARN_UNDECLARED_SELECTOR = YES;
				GCC_WARN_UNINITIALIZED_AUTOS = YES_AGGRESSIVE;
				GCC_WARN_UNUSED_FUNCTION = YES;
				GCC_WARN_UNUSED_VARIABLE = YES;
				IPHONEOS_DEPLOYMENT_TARGET = 10.0;
				MTL_ENABLE_DEBUG_INFO = YES;
				ONLY_ACTIVE_ARCH = YES;
				SDKROOT = iphoneos;
				SWIFT_ACTIVE_COMPILATION_CONDITIONS = DEBUG;
				SWIFT_OPTIMIZATION_LEVEL = "-Onone";
			};
			name = Debug;
		};
		626297271DC9407C00714931 /* Release */ = {
			isa = XCBuildConfiguration;
			buildSettings = {
				ALWAYS_SEARCH_USER_PATHS = NO;
				CLANG_ANALYZER_NONNULL = YES;
				CLANG_CXX_LANGUAGE_STANDARD = "gnu++0x";
				CLANG_CXX_LIBRARY = "libc++";
				CLANG_ENABLE_MODULES = YES;
				CLANG_ENABLE_OBJC_ARC = YES;
				CLANG_WARN_BOOL_CONVERSION = YES;
				CLANG_WARN_CONSTANT_CONVERSION = YES;
				CLANG_WARN_DIRECT_OBJC_ISA_USAGE = YES_ERROR;
				CLANG_WARN_DOCUMENTATION_COMMENTS = YES;
				CLANG_WARN_EMPTY_BODY = YES;
				CLANG_WARN_ENUM_CONVERSION = YES;
				CLANG_WARN_INFINITE_RECURSION = YES;
				CLANG_WARN_INT_CONVERSION = YES;
				CLANG_WARN_OBJC_ROOT_CLASS = YES_ERROR;
				CLANG_WARN_SUSPICIOUS_MOVES = YES;
				CLANG_WARN_UNREACHABLE_CODE = YES;
				CLANG_WARN__DUPLICATE_METHOD_MATCH = YES;
				"CODE_SIGN_IDENTITY[sdk=iphoneos*]" = "iPhone Developer";
				COPY_PHASE_STRIP = NO;
				DEBUG_INFORMATION_FORMAT = "dwarf-with-dsym";
				ENABLE_NS_ASSERTIONS = NO;
				ENABLE_STRICT_OBJC_MSGSEND = YES;
				GCC_C_LANGUAGE_STANDARD = gnu99;
				GCC_NO_COMMON_BLOCKS = YES;
				GCC_WARN_64_TO_32_BIT_CONVERSION = YES;
				GCC_WARN_ABOUT_RETURN_TYPE = YES_ERROR;
				GCC_WARN_UNDECLARED_SELECTOR = YES;
				GCC_WARN_UNINITIALIZED_AUTOS = YES_AGGRESSIVE;
				GCC_WARN_UNUSED_FUNCTION = YES;
				GCC_WARN_UNUSED_VARIABLE = YES;
				IPHONEOS_DEPLOYMENT_TARGET = 10.0;
				MTL_ENABLE_DEBUG_INFO = NO;
				SDKROOT = iphoneos;
				SWIFT_OPTIMIZATION_LEVEL = "-Owholemodule";
				VALIDATE_PRODUCT = YES;
			};
			name = Release;
		};
		626297291DC9407C00714931 /* Debug */ = {
			isa = XCBuildConfiguration;
			buildSettings = {
				ASSETCATALOG_COMPILER_APPICON_NAME = AppIcon;
				DEVELOPMENT_TEAM = 7YCYVAN8PU;
				INFOPLIST_FILE = IHC/Info.plist;
				LD_RUNPATH_SEARCH_PATHS = "$(inherited) @executable_path/Frameworks";
				PRODUCT_BUNDLE_IDENTIFIER = br.Gondek.IHC;
				PRODUCT_NAME = "$(TARGET_NAME)";
				SWIFT_VERSION = 3.0;
			};
			name = Debug;
		};
		6262972A1DC9407C00714931 /* Release */ = {
			isa = XCBuildConfiguration;
			buildSettings = {
				ASSETCATALOG_COMPILER_APPICON_NAME = AppIcon;
				DEVELOPMENT_TEAM = 7YCYVAN8PU;
				INFOPLIST_FILE = IHC/Info.plist;
				LD_RUNPATH_SEARCH_PATHS = "$(inherited) @executable_path/Frameworks";
				PRODUCT_BUNDLE_IDENTIFIER = br.Gondek.IHC;
				PRODUCT_NAME = "$(TARGET_NAME)";
				SWIFT_VERSION = 3.0;
			};
			name = Release;
		};
/* End XCBuildConfiguration section */

/* Begin XCConfigurationList section */
		626297111DC9407B00714931 /* Build configuration list for PBXProject "IHC" */ = {
			isa = XCConfigurationList;
			buildConfigurations = (
				626297261DC9407C00714931 /* Debug */,
				626297271DC9407C00714931 /* Release */,
			);
			defaultConfigurationIsVisible = 0;
			defaultConfigurationName = Release;
		};
		626297281DC9407C00714931 /* Build configuration list for PBXNativeTarget "IHC" */ = {
			isa = XCConfigurationList;
			buildConfigurations = (
				626297291DC9407C00714931 /* Debug */,
				6262972A1DC9407C00714931 /* Release */,
			);
			defaultConfigurationIsVisible = 0;
			defaultConfigurationName = Release;
		};
/* End XCConfigurationList section */
	};
	rootObject = 6262970E1DC9407B00714931 /* Project object */;
}
